
Microsoft Visual Studio Solution File, Format Version 12.00
# Visual Studio Version 16
VisualStudioVersion = 16.0.31424.327
MinimumVisualStudioVersion = 10.0.40219.1
Project("{FAE04EC0-301F-11D3-BF4B-00C04F79EFBC}") = "Conceptual_Composite", "Conceptual_Composite\Conceptual_Composite.csproj", "{58FDF510-2D32-4B19-93CC-BFCA66F17226}"
EndProject
Project("{FAE04EC0-301F-11D3-BF4B-00C04F79EFBC}") = "ExampleComposite", "ExampleComposite\ExampleComposite.csproj", "{A49E3E9B-CC74-4563-8101-BE857F444C0E}"
EndProject
Global
	GlobalSection(SolutionConfigurationPlatforms) = preSolution
		Debug|Any CPU = Debug|Any CPU
		Release|Any CPU = Release|Any CPU
	EndGlobalSection
	GlobalSection(ProjectConfigurationPlatforms) = postSolution
		{58FDF510-2D32-4B19-93CC-BFCA66F17226}.Debug|Any CPU.ActiveCfg = Debug|Any CPU
		{58FDF510-2D32-4B19-93CC-BFCA66F17226}.Debug|Any CPU.Build.0 = Debug|Any CPU
		{58FDF510-2D32-4B19-93CC-BFCA66F17226}.Release|Any CPU.ActiveCfg = Release|Any CPU
		{58FDF510-2D32-4B19-93CC-BFCA66F17226}.Release|Any CPU.Build.0 = Release|Any CPU
		{A49E3E9B-CC74-4563-8101-BE857F444C0E}.Debug|Any CPU.ActiveCfg = Debug|Any CPU
		{A49E3E9B-CC74-4563-8101-BE857F444C0E}.Debug|Any CPU.Build.0 = Debug|Any CPU
		{A49E3E9B-CC74-4563-8101-BE857F444C0E}.Release|Any CPU.ActiveCfg = Release|Any CPU
		{A49E3E9B-CC74-4563-8101-BE857F444C0E}.Release|Any CPU.Build.0 = Release|Any CPU
	EndGlobalSection
	GlobalSection(SolutionProperties) = preSolution
		HideSolutionNode = FALSE
	EndGlobalSection
	GlobalSection(ExtensibilityGlobals) = postSolution
		SolutionGuid = {1F9735F0-1545-40D9-A095-F596B9F077F5}
	EndGlobalSection
EndGlobal
