
Microsoft Visual Studio Solution File, Format Version 12.00
# Visual Studio Version 16
VisualStudioVersion = 16.0.31424.327
MinimumVisualStudioVersion = 10.0.40219.1
Project("{FAE04EC0-301F-11D3-BF4B-00C04F79EFBC}") = "Mediator_Conceptual", "Mediator\Mediator_Conceptual.csproj", "{6DD56119-7B6B-4703-BEFF-9FB718267A65}"
EndProject
Project("{FAE04EC0-301F-11D3-BF4B-00C04F79EFBC}") = "Mediator_Example", "Mediator_Example\Mediator_Example.csproj", "{BE7A0758-416B-49C9-BA0B-8C9255F4270A}"
EndProject
Global
	GlobalSection(SolutionConfigurationPlatforms) = preSolution
		Debug|Any CPU = Debug|Any CPU
		Release|Any CPU = Release|Any CPU
	EndGlobalSection
	GlobalSection(ProjectConfigurationPlatforms) = postSolution
		{6DD56119-7B6B-4703-BEFF-9FB718267A65}.Debug|Any CPU.ActiveCfg = Debug|Any CPU
		{6DD56119-7B6B-4703-BEFF-9FB718267A65}.Debug|Any CPU.Build.0 = Debug|Any CPU
		{6DD56119-7B6B-4703-BEFF-9FB718267A65}.Release|Any CPU.ActiveCfg = Release|Any CPU
		{6DD56119-7B6B-4703-BEFF-9FB718267A65}.Release|Any CPU.Build.0 = Release|Any CPU
		{BE7A0758-416B-49C9-BA0B-8C9255F4270A}.Debug|Any CPU.ActiveCfg = Debug|Any CPU
		{BE7A0758-416B-49C9-BA0B-8C9255F4270A}.Debug|Any CPU.Build.0 = Debug|Any CPU
		{BE7A0758-416B-49C9-BA0B-8C9255F4270A}.Release|Any CPU.ActiveCfg = Release|Any CPU
		{BE7A0758-416B-49C9-BA0B-8C9255F4270A}.Release|Any CPU.Build.0 = Release|Any CPU
	EndGlobalSection
	GlobalSection(SolutionProperties) = preSolution
		HideSolutionNode = FALSE
	EndGlobalSection
	GlobalSection(ExtensibilityGlobals) = postSolution
		SolutionGuid = {9536CA24-3A0F-4BAC-BAE0-B91E6B6DBE98}
	EndGlobalSection
EndGlobal
