
Microsoft Visual Studio Solution File, Format Version 12.00
# Visual Studio Version 16
VisualStudioVersion = 16.0.31424.327
MinimumVisualStudioVersion = 10.0.40219.1
Project("{FAE04EC0-301F-11D3-BF4B-00C04F79EFBC}") = "Builder", "Builder\Builder.csproj", "{BDB2EC1B-7D30-4E23-A28F-BDB9834332C1}"
EndProject
Project("{FAE04EC0-301F-11D3-BF4B-00C04F79EFBC}") = "ExampleBuilder", "ExampleBuilder\ExampleBuilder.csproj", "{59A0AA23-198F-4411-8752-7D8B620175CB}"
EndProject
Global
	GlobalSection(SolutionConfigurationPlatforms) = preSolution
		Debug|Any CPU = Debug|Any CPU
		Release|Any CPU = Release|Any CPU
	EndGlobalSection
	GlobalSection(ProjectConfigurationPlatforms) = postSolution
		{BDB2EC1B-7D30-4E23-A28F-BDB9834332C1}.Debug|Any CPU.ActiveCfg = Debug|Any CPU
		{BDB2EC1B-7D30-4E23-A28F-BDB9834332C1}.Debug|Any CPU.Build.0 = Debug|Any CPU
		{BDB2EC1B-7D30-4E23-A28F-BDB9834332C1}.Release|Any CPU.ActiveCfg = Release|Any CPU
		{BDB2EC1B-7D30-4E23-A28F-BDB9834332C1}.Release|Any CPU.Build.0 = Release|Any CPU
		{59A0AA23-198F-4411-8752-7D8B620175CB}.Debug|Any CPU.ActiveCfg = Debug|Any CPU
		{59A0AA23-198F-4411-8752-7D8B620175CB}.Debug|Any CPU.Build.0 = Debug|Any CPU
		{59A0AA23-198F-4411-8752-7D8B620175CB}.Release|Any CPU.ActiveCfg = Release|Any CPU
		{59A0AA23-198F-4411-8752-7D8B620175CB}.Release|Any CPU.Build.0 = Release|Any CPU
	EndGlobalSection
	GlobalSection(SolutionProperties) = preSolution
		HideSolutionNode = FALSE
	EndGlobalSection
	GlobalSection(ExtensibilityGlobals) = postSolution
		SolutionGuid = {BD5D09F6-36EE-45CF-B7BF-D09947CD3F5C}
	EndGlobalSection
EndGlobal
