
Microsoft Visual Studio Solution File, Format Version 12.00
# Visual Studio Version 16
VisualStudioVersion = 16.0.31424.327
MinimumVisualStudioVersion = 10.0.40219.1
Project("{FAE04EC0-301F-11D3-BF4B-00C04F79EFBC}") = "Command_Conceptual", "Command\Command_Conceptual.csproj", "{A3D697AE-1994-4E44-BA1D-325E0CBDA0F1}"
EndProject
Project("{FAE04EC0-301F-11D3-BF4B-00C04F79EFBC}") = "Command_Example", "Command_Example\Command_Example.csproj", "{3D5A2BFC-6EC5-4CAB-87B9-F37BB3643E19}"
EndProject
Global
	GlobalSection(SolutionConfigurationPlatforms) = preSolution
		Debug|Any CPU = Debug|Any CPU
		Release|Any CPU = Release|Any CPU
	EndGlobalSection
	GlobalSection(ProjectConfigurationPlatforms) = postSolution
		{A3D697AE-1994-4E44-BA1D-325E0CBDA0F1}.Debug|Any CPU.ActiveCfg = Debug|Any CPU
		{A3D697AE-1994-4E44-BA1D-325E0CBDA0F1}.Debug|Any CPU.Build.0 = Debug|Any CPU
		{A3D697AE-1994-4E44-BA1D-325E0CBDA0F1}.Release|Any CPU.ActiveCfg = Release|Any CPU
		{A3D697AE-1994-4E44-BA1D-325E0CBDA0F1}.Release|Any CPU.Build.0 = Release|Any CPU
		{3D5A2BFC-6EC5-4CAB-87B9-F37BB3643E19}.Debug|Any CPU.ActiveCfg = Debug|Any CPU
		{3D5A2BFC-6EC5-4CAB-87B9-F37BB3643E19}.Debug|Any CPU.Build.0 = Debug|Any CPU
		{3D5A2BFC-6EC5-4CAB-87B9-F37BB3643E19}.Release|Any CPU.ActiveCfg = Release|Any CPU
		{3D5A2BFC-6EC5-4CAB-87B9-F37BB3643E19}.Release|Any CPU.Build.0 = Release|Any CPU
	EndGlobalSection
	GlobalSection(SolutionProperties) = preSolution
		HideSolutionNode = FALSE
	EndGlobalSection
	GlobalSection(ExtensibilityGlobals) = postSolution
		SolutionGuid = {12DDF71A-A891-40C5-990D-91E4C1F82A85}
	EndGlobalSection
EndGlobal
