
Microsoft Visual Studio Solution File, Format Version 12.00
# Visual Studio Version 16
VisualStudioVersion = 16.0.31424.327
MinimumVisualStudioVersion = 10.0.40219.1
Project("{FAE04EC0-301F-11D3-BF4B-00C04F79EFBC}") = "Observer_Conceptual", "Observer\Observer_Conceptual.csproj", "{B9725B76-AF67-4789-9824-181325C91B16}"
EndProject
Project("{FAE04EC0-301F-11D3-BF4B-00C04F79EFBC}") = "Observer_Example", "Observer_Example\Observer_Example.csproj", "{818CA541-0BEF-4DEF-BEC1-2723D2FC665F}"
EndProject
Global
	GlobalSection(SolutionConfigurationPlatforms) = preSolution
		Debug|Any CPU = Debug|Any CPU
		Release|Any CPU = Release|Any CPU
	EndGlobalSection
	GlobalSection(ProjectConfigurationPlatforms) = postSolution
		{B9725B76-AF67-4789-9824-181325C91B16}.Debug|Any CPU.ActiveCfg = Debug|Any CPU
		{B9725B76-AF67-4789-9824-181325C91B16}.Debug|Any CPU.Build.0 = Debug|Any CPU
		{B9725B76-AF67-4789-9824-181325C91B16}.Release|Any CPU.ActiveCfg = Release|Any CPU
		{B9725B76-AF67-4789-9824-181325C91B16}.Release|Any CPU.Build.0 = Release|Any CPU
		{818CA541-0BEF-4DEF-BEC1-2723D2FC665F}.Debug|Any CPU.ActiveCfg = Debug|Any CPU
		{818CA541-0BEF-4DEF-BEC1-2723D2FC665F}.Debug|Any CPU.Build.0 = Debug|Any CPU
		{818CA541-0BEF-4DEF-BEC1-2723D2FC665F}.Release|Any CPU.ActiveCfg = Release|Any CPU
		{818CA541-0BEF-4DEF-BEC1-2723D2FC665F}.Release|Any CPU.Build.0 = Release|Any CPU
	EndGlobalSection
	GlobalSection(SolutionProperties) = preSolution
		HideSolutionNode = FALSE
	EndGlobalSection
	GlobalSection(ExtensibilityGlobals) = postSolution
		SolutionGuid = {E7CA9DED-D716-45AF-83D2-3FD2A3396887}
	EndGlobalSection
EndGlobal
