
Microsoft Visual Studio Solution File, Format Version 12.00
# Visual Studio Version 16
VisualStudioVersion = 16.0.31424.327
MinimumVisualStudioVersion = 10.0.40219.1
Project("{FAE04EC0-301F-11D3-BF4B-00C04F79EFBC}") = "State_Conceptual", "State\State_Conceptual.csproj", "{8A4FD84A-6493-4C01-909C-4C6E9AB8D48A}"
EndProject
Project("{FAE04EC0-301F-11D3-BF4B-00C04F79EFBC}") = "State_Example", "State_Example\State_Example.csproj", "{EEBE7867-672F-4C9A-9681-E6CFE0CE1BE5}"
EndProject
Global
	GlobalSection(SolutionConfigurationPlatforms) = preSolution
		Debug|Any CPU = Debug|Any CPU
		Release|Any CPU = Release|Any CPU
	EndGlobalSection
	GlobalSection(ProjectConfigurationPlatforms) = postSolution
		{8A4FD84A-6493-4C01-909C-4C6E9AB8D48A}.Debug|Any CPU.ActiveCfg = Debug|Any CPU
		{8A4FD84A-6493-4C01-909C-4C6E9AB8D48A}.Debug|Any CPU.Build.0 = Debug|Any CPU
		{8A4FD84A-6493-4C01-909C-4C6E9AB8D48A}.Release|Any CPU.ActiveCfg = Release|Any CPU
		{8A4FD84A-6493-4C01-909C-4C6E9AB8D48A}.Release|Any CPU.Build.0 = Release|Any CPU
		{EEBE7867-672F-4C9A-9681-E6CFE0CE1BE5}.Debug|Any CPU.ActiveCfg = Debug|Any CPU
		{EEBE7867-672F-4C9A-9681-E6CFE0CE1BE5}.Debug|Any CPU.Build.0 = Debug|Any CPU
		{EEBE7867-672F-4C9A-9681-E6CFE0CE1BE5}.Release|Any CPU.ActiveCfg = Release|Any CPU
		{EEBE7867-672F-4C9A-9681-E6CFE0CE1BE5}.Release|Any CPU.Build.0 = Release|Any CPU
	EndGlobalSection
	GlobalSection(SolutionProperties) = preSolution
		HideSolutionNode = FALSE
	EndGlobalSection
	GlobalSection(ExtensibilityGlobals) = postSolution
		SolutionGuid = {A65C2F22-3622-437F-9DD4-5CAA8CE9738A}
	EndGlobalSection
EndGlobal
