
Microsoft Visual Studio Solution File, Format Version 12.00
# Visual Studio Version 16
VisualStudioVersion = 16.0.31424.327
MinimumVisualStudioVersion = 10.0.40219.1
Project("{FAE04EC0-301F-11D3-BF4B-00C04F79EFBC}") = "Strategy_Conceptual", "Strategy\Strategy_Conceptual.csproj", "{8FDD67CD-3124-4BE7-84D8-AB3FDA7F6CA5}"
EndProject
Project("{FAE04EC0-301F-11D3-BF4B-00C04F79EFBC}") = "Strategy_Example", "Strategy_Example\Strategy_Example.csproj", "{2C42F6E3-E57A-4BA6-B97E-8D2846ADF57F}"
EndProject
Global
	GlobalSection(SolutionConfigurationPlatforms) = preSolution
		Debug|Any CPU = Debug|Any CPU
		Release|Any CPU = Release|Any CPU
	EndGlobalSection
	GlobalSection(ProjectConfigurationPlatforms) = postSolution
		{8FDD67CD-3124-4BE7-84D8-AB3FDA7F6CA5}.Debug|Any CPU.ActiveCfg = Debug|Any CPU
		{8FDD67CD-3124-4BE7-84D8-AB3FDA7F6CA5}.Debug|Any CPU.Build.0 = Debug|Any CPU
		{8FDD67CD-3124-4BE7-84D8-AB3FDA7F6CA5}.Release|Any CPU.ActiveCfg = Release|Any CPU
		{8FDD67CD-3124-4BE7-84D8-AB3FDA7F6CA5}.Release|Any CPU.Build.0 = Release|Any CPU
		{2C42F6E3-E57A-4BA6-B97E-8D2846ADF57F}.Debug|Any CPU.ActiveCfg = Debug|Any CPU
		{2C42F6E3-E57A-4BA6-B97E-8D2846ADF57F}.Debug|Any CPU.Build.0 = Debug|Any CPU
		{2C42F6E3-E57A-4BA6-B97E-8D2846ADF57F}.Release|Any CPU.ActiveCfg = Release|Any CPU
		{2C42F6E3-E57A-4BA6-B97E-8D2846ADF57F}.Release|Any CPU.Build.0 = Release|Any CPU
	EndGlobalSection
	GlobalSection(SolutionProperties) = preSolution
		HideSolutionNode = FALSE
	EndGlobalSection
	GlobalSection(ExtensibilityGlobals) = postSolution
		SolutionGuid = {6EA6242D-79BB-4455-9B74-434D1E385086}
	EndGlobalSection
EndGlobal
