
Microsoft Visual Studio Solution File, Format Version 12.00
# Visual Studio Version 16
VisualStudioVersion = 16.0.31424.327
MinimumVisualStudioVersion = 10.0.40219.1
Project("{FAE04EC0-301F-11D3-BF4B-00C04F79EFBC}") = "Proxy_conceptual", "Proxy\Proxy_conceptual.csproj", "{8AB97B18-5813-4F3B-B696-6B293537E37E}"
EndProject
Project("{FAE04EC0-301F-11D3-BF4B-00C04F79EFBC}") = "Proxy_Example", "Proxy_Example\Proxy_Example.csproj", "{8FD3007F-B08D-4BD1-9781-6059AC71A22E}"
EndProject
Global
	GlobalSection(SolutionConfigurationPlatforms) = preSolution
		Debug|Any CPU = Debug|Any CPU
		Release|Any CPU = Release|Any CPU
	EndGlobalSection
	GlobalSection(ProjectConfigurationPlatforms) = postSolution
		{8AB97B18-5813-4F3B-B696-6B293537E37E}.Debug|Any CPU.ActiveCfg = Debug|Any CPU
		{8AB97B18-5813-4F3B-B696-6B293537E37E}.Debug|Any CPU.Build.0 = Debug|Any CPU
		{8AB97B18-5813-4F3B-B696-6B293537E37E}.Release|Any CPU.ActiveCfg = Release|Any CPU
		{8AB97B18-5813-4F3B-B696-6B293537E37E}.Release|Any CPU.Build.0 = Release|Any CPU
		{8FD3007F-B08D-4BD1-9781-6059AC71A22E}.Debug|Any CPU.ActiveCfg = Debug|Any CPU
		{8FD3007F-B08D-4BD1-9781-6059AC71A22E}.Debug|Any CPU.Build.0 = Debug|Any CPU
		{8FD3007F-B08D-4BD1-9781-6059AC71A22E}.Release|Any CPU.ActiveCfg = Release|Any CPU
		{8FD3007F-B08D-4BD1-9781-6059AC71A22E}.Release|Any CPU.Build.0 = Release|Any CPU
	EndGlobalSection
	GlobalSection(SolutionProperties) = preSolution
		HideSolutionNode = FALSE
	EndGlobalSection
	GlobalSection(ExtensibilityGlobals) = postSolution
		SolutionGuid = {58D1B51E-9336-4A1B-8CAA-967FEFFB2D68}
	EndGlobalSection
EndGlobal
