
Microsoft Visual Studio Solution File, Format Version 12.00
# Visual Studio Version 16
VisualStudioVersion = 16.0.31424.327
MinimumVisualStudioVersion = 10.0.40219.1
Project("{FAE04EC0-301F-11D3-BF4B-00C04F79EFBC}") = "Decorator_Conceptual", "Decorator\Decorator_Conceptual.csproj", "{AE98007B-08BA-4F6F-84A1-DFC50873ED62}"
EndProject
Project("{FAE04EC0-301F-11D3-BF4B-00C04F79EFBC}") = "Decorator_Example", "Decorator_Example\Decorator_Example.csproj", "{4ADB565E-FFD1-4497-A24B-88A275B124C3}"
EndProject
Global
	GlobalSection(SolutionConfigurationPlatforms) = preSolution
		Debug|Any CPU = Debug|Any CPU
		Release|Any CPU = Release|Any CPU
	EndGlobalSection
	GlobalSection(ProjectConfigurationPlatforms) = postSolution
		{AE98007B-08BA-4F6F-84A1-DFC50873ED62}.Debug|Any CPU.ActiveCfg = Debug|Any CPU
		{AE98007B-08BA-4F6F-84A1-DFC50873ED62}.Debug|Any CPU.Build.0 = Debug|Any CPU
		{AE98007B-08BA-4F6F-84A1-DFC50873ED62}.Release|Any CPU.ActiveCfg = Release|Any CPU
		{AE98007B-08BA-4F6F-84A1-DFC50873ED62}.Release|Any CPU.Build.0 = Release|Any CPU
		{4ADB565E-FFD1-4497-A24B-88A275B124C3}.Debug|Any CPU.ActiveCfg = Debug|Any CPU
		{4ADB565E-FFD1-4497-A24B-88A275B124C3}.Debug|Any CPU.Build.0 = Debug|Any CPU
		{4ADB565E-FFD1-4497-A24B-88A275B124C3}.Release|Any CPU.ActiveCfg = Release|Any CPU
		{4ADB565E-FFD1-4497-A24B-88A275B124C3}.Release|Any CPU.Build.0 = Release|Any CPU
	EndGlobalSection
	GlobalSection(SolutionProperties) = preSolution
		HideSolutionNode = FALSE
	EndGlobalSection
	GlobalSection(ExtensibilityGlobals) = postSolution
		SolutionGuid = {1F0F5351-3C7E-4E1F-9DBE-A5A10400BA4E}
	EndGlobalSection
EndGlobal
